
Microsoft Visual Studio Solution File, Format Version 12.00
# Visual Studio 14
VisualStudioVersion = 14.0.25123.0
MinimumVisualStudioVersion = 10.0.40219.1
Project("{FAE04EC0-301F-11D3-BF4B-00C04F79EFBC}") = "CalculatorApplicationWithTests", "CalculatorApplicationWithTests\CalculatorApplicationWithTests.csproj", "{BA704B98-0F54-4041-AFFA-D257678FBE3D}"
EndProject
Project("{FAE04EC0-301F-11D3-BF4B-00C04F79EFBC}") = "CalculatorApplicationWithTestsTests", "CalculatorApplicationWithTestsTests\CalculatorApplicationWithTestsTests.csproj", "{8F0CBAC9-2C71-4805-8950-405A3397AEE1}"
EndProject
Global
	GlobalSection(SolutionConfigurationPlatforms) = preSolution
		Debug|Any CPU = Debug|Any CPU
		Release|Any CPU = Release|Any CPU
	EndGlobalSection
	GlobalSection(ProjectConfigurationPlatforms) = postSolution
		{BA704B98-0F54-4041-AFFA-D257678FBE3D}.Debug|Any CPU.ActiveCfg = Debug|Any CPU
		{BA704B98-0F54-4041-AFFA-D257678FBE3D}.Debug|Any CPU.Build.0 = Debug|Any CPU
		{BA704B98-0F54-4041-AFFA-D257678FBE3D}.Release|Any CPU.ActiveCfg = Release|Any CPU
		{BA704B98-0F54-4041-AFFA-D257678FBE3D}.Release|Any CPU.Build.0 = Release|Any CPU
		{8F0CBAC9-2C71-4805-8950-405A3397AEE1}.Debug|Any CPU.ActiveCfg = Debug|Any CPU
		{8F0CBAC9-2C71-4805-8950-405A3397AEE1}.Debug|Any CPU.Build.0 = Debug|Any CPU
		{8F0CBAC9-2C71-4805-8950-405A3397AEE1}.Release|Any CPU.ActiveCfg = Release|Any CPU
		{8F0CBAC9-2C71-4805-8950-405A3397AEE1}.Release|Any CPU.Build.0 = Release|Any CPU
	EndGlobalSection
	GlobalSection(SolutionProperties) = preSolution
		HideSolutionNode = FALSE
	EndGlobalSection
EndGlobal
